{
    "name": "nikolaimakesbeer-rss",
    "version": "0.0.1",
    "lockfileVersion": 3,
    "requires": true,
    "packages": {
        "": {
            "name": "nikolaimakesbeer-rss",
            "version": "0.0.1",
            "license": "GPL-3.0-only",
            "dependencies": {
                "check-more-types": "1.8.2"
            },
            "bin": {
                "make-rss": "make-rss.js"
            }
        },
        "node_modules/check-more-types": {
            "version": "1.8.2",
            "resolved": "https://registry.npmjs.org/check-more-types/-/check-more-types-1.8.2.tgz",
            "integrity": "sha512-rxev/MqJdUDyfeau+tqYLTNPi8ROFPdPEsWxtySMG1R7Eu0G34tIA3aOZ96y9Naj1FbT9KhPqg3zIfM/16CkRg==",
            "license": "MIT",
            "dependencies": {
                "check-types": "1.4.0"
            },
            "engines": {
                "node": ">= 0.8.0"
            }
        },
        "node_modules/check-types": {
            "version": "1.4.0",
            "resolved": "https://registry.npmjs.org/check-types/-/check-types-1.4.0.tgz",
            "integrity": "sha512-DoKzVQCvkW1v/wTXGayuFu9qX+wcOENt+FMgO2mhSrTnWHNimyK6PeN/83oyfwo6hvrhSUn10Dn3XT6mWtHsKg==",
            "license": "MIT"
        }
    }
}
